{
 "name": "divine-voxel-engine-dev",
 "version": "1.2.45",
 "lockfileVersion": 2,
 "requires": true,
 "packages": {
  "": {
   "name": "divine-voxel-engine-dev",
   "version": "1.2.45",
   "license": "MIT",
   "dependencies": {
    "@babylonjs/core": "^5.47.1",
    "divine-binary-object": "^0.0.45",
    "divine-binary-tags": "^0.0.61",
    "divine-hooks": "^0.0.4",
    "divine-shaders": "^0.0.0",
    "threadcomm": "^0.0.91",
    "voxelspaces": "^1.0.11"
   },
   "devDependencies": {
    "@types/node": "^16.11.7"
   }
  },
  "node_modules/@babylonjs/core": {
   "version": "5.47.1",
   "resolved": "https://registry.npmjs.org/@babylonjs/core/-/core-5.47.1.tgz",
   "integrity": "sha512-u0g7606haxvm/JFrOESSjrZyq5/IzQwECpLFPMTfcUSuWUsXyLKqimitqbkhgGVZQyIMKJUyEMMrN2Gs4iADsg=="
  },
  "node_modules/@types/node": {
   "version": "16.11.7",
   "resolved": "https://registry.npmjs.org/@types/node/-/node-16.11.7.tgz",
   "integrity": "sha512-QB5D2sqfSjCmTuWcBWyJ+/44bcjO7VbjSbOE0ucoVbAsSNQc4Lt6QkgkVXkTDwkL4z/beecZNDvVX15D4P8Jbw==",
   "dev": true
  },
  "node_modules/divine-binary-object": {
   "version": "0.0.45",
   "resolved": "https://registry.npmjs.org/divine-binary-object/-/divine-binary-object-0.0.45.tgz",
   "integrity": "sha512-gu6tdoSAbEYmR/zqusGukth9RV+Qt6mITfQY9MtkkaqCE14/do5AJEOSjn5AVEl0Cxd2WVlEpdgxSJYZ8HDRyg=="
  },
  "node_modules/divine-binary-tags": {
   "version": "0.0.61",
   "resolved": "https://registry.npmjs.org/divine-binary-tags/-/divine-binary-tags-0.0.61.tgz",
   "integrity": "sha512-fCh9AJV7iYglZflK4XGnmMEVMdhhX1lZRnyunOVoyQl0/8G7ZjaZvSe9AaQ2N3q7d/3iRfk82Q/gGSAd/1K9kQ=="
  },
  "node_modules/divine-hooks": {
   "version": "0.0.4",
   "resolved": "https://registry.npmjs.org/divine-hooks/-/divine-hooks-0.0.4.tgz",
   "integrity": "sha512-Y1aQnypW86cyKb6ylH6fuTB+97POlmkoWGThU0IEU5o6BLDPQKPvFfsTJPU4wPb5Uyash305ypXVh82pfvjlng=="
  },
  "node_modules/divine-shaders": {
   "version": "0.0.0",
   "resolved": "https://registry.npmjs.org/divine-shaders/-/divine-shaders-0.0.0.tgz",
   "integrity": "sha512-cOu2L8WgUCPhyZzljCpsGU9DrnEBFd2Q+RW1+7jCBzdQAVZsOxBtxcjCvo1n/XjXjrmS6HCC7MsQ9etvPCDCmA=="
  },
  "node_modules/threadcomm": {
   "version": "0.0.91",
   "resolved": "https://registry.npmjs.org/threadcomm/-/threadcomm-0.0.91.tgz",
   "integrity": "sha512-zwC24//QbmwAymPnCWPM9pjE0ItNB0E2eYn1p51mgCKPCx5OdxzcTBs6e6EzTiustcxs0SsCQcuG+UWf7lhm3A=="
  },
  "node_modules/voxelspaces": {
   "version": "1.0.11",
   "resolved": "https://registry.npmjs.org/voxelspaces/-/voxelspaces-1.0.11.tgz",
   "integrity": "sha512-F2eLtWEKWqIsJ+L9RFsyt8f2iTeRu9GIGLWPWa06gC6E2CFULk+csz113Jhnh+BA8KSgQl7rcltNtGtEEJqymA=="
  }
 },
 "dependencies": {
  "@babylonjs/core": {
   "version": "5.47.1",
   "resolved": "https://registry.npmjs.org/@babylonjs/core/-/core-5.47.1.tgz",
   "integrity": "sha512-u0g7606haxvm/JFrOESSjrZyq5/IzQwECpLFPMTfcUSuWUsXyLKqimitqbkhgGVZQyIMKJUyEMMrN2Gs4iADsg=="
  },
  "@types/node": {
   "version": "16.11.7",
   "resolved": "https://registry.npmjs.org/@types/node/-/node-16.11.7.tgz",
   "integrity": "sha512-QB5D2sqfSjCmTuWcBWyJ+/44bcjO7VbjSbOE0ucoVbAsSNQc4Lt6QkgkVXkTDwkL4z/beecZNDvVX15D4P8Jbw==",
   "dev": true
  },
  "divine-binary-object": {
   "version": "0.0.45",
   "resolved": "https://registry.npmjs.org/divine-binary-object/-/divine-binary-object-0.0.45.tgz",
   "integrity": "sha512-gu6tdoSAbEYmR/zqusGukth9RV+Qt6mITfQY9MtkkaqCE14/do5AJEOSjn5AVEl0Cxd2WVlEpdgxSJYZ8HDRyg=="
  },
  "divine-binary-tags": {
   "version": "0.0.61",
   "resolved": "https://registry.npmjs.org/divine-binary-tags/-/divine-binary-tags-0.0.61.tgz",
   "integrity": "sha512-fCh9AJV7iYglZflK4XGnmMEVMdhhX1lZRnyunOVoyQl0/8G7ZjaZvSe9AaQ2N3q7d/3iRfk82Q/gGSAd/1K9kQ=="
  },
  "divine-hooks": {
   "version": "0.0.4",
   "resolved": "https://registry.npmjs.org/divine-hooks/-/divine-hooks-0.0.4.tgz",
   "integrity": "sha512-Y1aQnypW86cyKb6ylH6fuTB+97POlmkoWGThU0IEU5o6BLDPQKPvFfsTJPU4wPb5Uyash305ypXVh82pfvjlng=="
  },
  "divine-shaders": {
   "version": "0.0.0",
   "resolved": "https://registry.npmjs.org/divine-shaders/-/divine-shaders-0.0.0.tgz",
   "integrity": "sha512-cOu2L8WgUCPhyZzljCpsGU9DrnEBFd2Q+RW1+7jCBzdQAVZsOxBtxcjCvo1n/XjXjrmS6HCC7MsQ9etvPCDCmA=="
  },
  "threadcomm": {
   "version": "0.0.91",
   "resolved": "https://registry.npmjs.org/threadcomm/-/threadcomm-0.0.91.tgz",
   "integrity": "sha512-zwC24//QbmwAymPnCWPM9pjE0ItNB0E2eYn1p51mgCKPCx5OdxzcTBs6e6EzTiustcxs0SsCQcuG+UWf7lhm3A=="
  },
  "voxelspaces": {
   "version": "1.0.11",
   "resolved": "https://registry.npmjs.org/voxelspaces/-/voxelspaces-1.0.11.tgz",
   "integrity": "sha512-F2eLtWEKWqIsJ+L9RFsyt8f2iTeRu9GIGLWPWa06gC6E2CFULk+csz113Jhnh+BA8KSgQl7rcltNtGtEEJqymA=="
  }
 }
}
