{
  "name": "divine-voxel-engine",
  "version": "1.2.42",
  "lockfileVersion": 2,
  "requires": true,
  "packages": {
    "": {
      "name": "divine-voxel-engine",
      "version": "1.2.42",
      "license": "MIT",
      "dependencies": {
        "babylonjs": "^5.46.0"
      },
      "devDependencies": {
        "@types/node": "^16.11.7"
      }
    },
    "node_modules/@types/node": {
      "version": "16.11.7",
      "resolved": "https://registry.npmjs.org/@types/node/-/node-16.11.7.tgz",
      "integrity": "sha512-QB5D2sqfSjCmTuWcBWyJ+/44bcjO7VbjSbOE0ucoVbAsSNQc4Lt6QkgkVXkTDwkL4z/beecZNDvVX15D4P8Jbw==",
      "dev": true
    },
    "node_modules/babylonjs": {
      "version": "5.46.0",
      "resolved": "https://registry.npmjs.org/babylonjs/-/babylonjs-5.46.0.tgz",
      "integrity": "sha512-51uA/NtpreF4sv6fU3Xs0Ysh2kN7I8AxOmxtGtXCClVdvGqlmwrqWvK1EvaN0gVfixgaTRPl6NNZBpHpAMpW8A==",
      "hasInstallScript": true
    }
  },
  "dependencies": {
    "@types/node": {
      "version": "16.11.7",
      "resolved": "https://registry.npmjs.org/@types/node/-/node-16.11.7.tgz",
      "integrity": "sha512-QB5D2sqfSjCmTuWcBWyJ+/44bcjO7VbjSbOE0ucoVbAsSNQc4Lt6QkgkVXkTDwkL4z/beecZNDvVX15D4P8Jbw==",
      "dev": true
    },
    "babylonjs": {
      "version": "5.46.0",
      "resolved": "https://registry.npmjs.org/babylonjs/-/babylonjs-5.46.0.tgz",
      "integrity": "sha512-51uA/NtpreF4sv6fU3Xs0Ysh2kN7I8AxOmxtGtXCClVdvGqlmwrqWvK1EvaN0gVfixgaTRPl6NNZBpHpAMpW8A=="
    }
  }
}
